
Microsoft Visual Studio Solution File, Format Version 12.00
# Visual Studio Version 16
VisualStudioVersion = 16.0.32413.511
MinimumVisualStudioVersion = 10.0.40219.1
Project("{FAE04EC0-301F-11D3-BF4B-00C04F79EFBC}") = "Aplication_B", "Aplication_B\Aplication_B.csproj", "{15571032-8F72-4A39-BB3D-8A68CE988BE0}"
EndProject
Project("{FAE04EC0-301F-11D3-BF4B-00C04F79EFBC}") = "Aplication_B.BL", "Aplication_B.BL\Aplication_B.BL.csproj", "{BEA15FDA-8315-4C04-98BD-1D2538D845CC}"
EndProject
Global
	GlobalSection(SolutionConfigurationPlatforms) = preSolution
		Debug|Any CPU = Debug|Any CPU
		Release|Any CPU = Release|Any CPU
	EndGlobalSection
	GlobalSection(ProjectConfigurationPlatforms) = postSolution
		{15571032-8F72-4A39-BB3D-8A68CE988BE0}.Debug|Any CPU.ActiveCfg = Debug|Any CPU
		{15571032-8F72-4A39-BB3D-8A68CE988BE0}.Debug|Any CPU.Build.0 = Debug|Any CPU
		{15571032-8F72-4A39-BB3D-8A68CE988BE0}.Release|Any CPU.ActiveCfg = Release|Any CPU
		{15571032-8F72-4A39-BB3D-8A68CE988BE0}.Release|Any CPU.Build.0 = Release|Any CPU
		{BEA15FDA-8315-4C04-98BD-1D2538D845CC}.Debug|Any CPU.ActiveCfg = Debug|Any CPU
		{BEA15FDA-8315-4C04-98BD-1D2538D845CC}.Debug|Any CPU.Build.0 = Debug|Any CPU
		{BEA15FDA-8315-4C04-98BD-1D2538D845CC}.Release|Any CPU.ActiveCfg = Release|Any CPU
		{BEA15FDA-8315-4C04-98BD-1D2538D845CC}.Release|Any CPU.Build.0 = Release|Any CPU
	EndGlobalSection
	GlobalSection(SolutionProperties) = preSolution
		HideSolutionNode = FALSE
	EndGlobalSection
	GlobalSection(ExtensibilityGlobals) = postSolution
		SolutionGuid = {83A7AC9F-9189-4B7C-973D-39F49310F4A2}
	EndGlobalSection
EndGlobal
